
Microsoft Visual Studio Solution File, Format Version 12.00
# Visual Studio Version 17
VisualStudioVersion = 17.11.35312.102
MinimumVisualStudioVersion = 10.0.40219.1
Project("{FAE04EC0-301F-11D3-BF4B-00C04F79EFBC}") = "Bridge", "Bridge.csproj", "{65C1A6D6-A00F-49BE-ADE4-AF80453FF875}"
EndProject
Global
	GlobalSection(SolutionConfigurationPlatforms) = preSolution
		Debug|Any CPU = Debug|Any CPU
		Release|Any CPU = Release|Any CPU
	EndGlobalSection
	GlobalSection(ProjectConfigurationPlatforms) = postSolution
		{65C1A6D6-A00F-49BE-ADE4-AF80453FF875}.Debug|Any CPU.ActiveCfg = Debug|Any CPU
		{65C1A6D6-A00F-49BE-ADE4-AF80453FF875}.Debug|Any CPU.Build.0 = Debug|Any CPU
		{65C1A6D6-A00F-49BE-ADE4-AF80453FF875}.Release|Any CPU.ActiveCfg = Release|Any CPU
		{65C1A6D6-A00F-49BE-ADE4-AF80453FF875}.Release|Any CPU.Build.0 = Release|Any CPU
	EndGlobalSection
	GlobalSection(SolutionProperties) = preSolution
		HideSolutionNode = FALSE
	EndGlobalSection
	GlobalSection(ExtensibilityGlobals) = postSolution
		SolutionGuid = {AF330993-4521-4E22-A239-D9D1C76DD589}
	EndGlobalSection
EndGlobal
